PODS:
  - PXUtilities (0.2.5)
  - PXWebSnapshot (0.1.3):
    - PXUtilities
    - UIView-Screenshot
  - UIView-Screenshot (0.1.2)

DEPENDENCIES:
  - PXWebSnapshot (from `../`)

EXTERNAL SOURCES:
  PXWebSnapshot:
    :path: "../"

SPEC CHECKSUMS:
  PXUtilities: 5a6b8c1bd7f63b5f5f42617b156a1d1c3d16210c
  PXWebSnapshot: 741788336b0165b041dcbebd1ad5e1dd2c881e86
  UIView-Screenshot: 5e1adb6f0c4ef5aa21ae039901ec7cc2abf4c6fc

PODFILE CHECKSUM: 311192af22e804b8a65d55dace37907c69e5d380

COCOAPODS: 1.2.0
